
Microsoft Visual Studio Solution File, Format Version 12.00
# Visual Studio Version 16
VisualStudioVersion = 16.0.30711.63
MinimumVisualStudioVersion = 10.0.40219.1
Project("{9A19103F-16F7-4668-BE54-9A1E7A4F7556}") = "swaPra3", "swaPra3\swaPra3.csproj", "{0155BD2B-E778-4317-ACA9-0263A57CB53D}"
EndProject
Project("{9A19103F-16F7-4668-BE54-9A1E7A4F7556}") = "Model", "Model\Model.csproj", "{2D87C789-8501-4DD1-9984-744217A2BA76}"
EndProject
Project("{9A19103F-16F7-4668-BE54-9A1E7A4F7556}") = "ViewModel", "ViewModel\ViewModel.csproj", "{3C9A363F-28B4-469B-B516-B385D950FDAB}"
EndProject
Global
	GlobalSection(SolutionConfigurationPlatforms) = preSolution
		Debug|Any CPU = Debug|Any CPU
		Release|Any CPU = Release|Any CPU
	EndGlobalSection
	GlobalSection(ProjectConfigurationPlatforms) = postSolution
		{0155BD2B-E778-4317-ACA9-0263A57CB53D}.Debug|Any CPU.ActiveCfg = Debug|Any CPU
		{0155BD2B-E778-4317-ACA9-0263A57CB53D}.Debug|Any CPU.Build.0 = Debug|Any CPU
		{0155BD2B-E778-4317-ACA9-0263A57CB53D}.Release|Any CPU.ActiveCfg = Release|Any CPU
		{0155BD2B-E778-4317-ACA9-0263A57CB53D}.Release|Any CPU.Build.0 = Release|Any CPU
		{2D87C789-8501-4DD1-9984-744217A2BA76}.Debug|Any CPU.ActiveCfg = Debug|Any CPU
		{2D87C789-8501-4DD1-9984-744217A2BA76}.Debug|Any CPU.Build.0 = Debug|Any CPU
		{2D87C789-8501-4DD1-9984-744217A2BA76}.Release|Any CPU.ActiveCfg = Release|Any CPU
		{2D87C789-8501-4DD1-9984-744217A2BA76}.Release|Any CPU.Build.0 = Release|Any CPU
		{3C9A363F-28B4-469B-B516-B385D950FDAB}.Debug|Any CPU.ActiveCfg = Debug|Any CPU
		{3C9A363F-28B4-469B-B516-B385D950FDAB}.Debug|Any CPU.Build.0 = Debug|Any CPU
		{3C9A363F-28B4-469B-B516-B385D950FDAB}.Release|Any CPU.ActiveCfg = Release|Any CPU
		{3C9A363F-28B4-469B-B516-B385D950FDAB}.Release|Any CPU.Build.0 = Release|Any CPU
	EndGlobalSection
	GlobalSection(SolutionProperties) = preSolution
		HideSolutionNode = FALSE
	EndGlobalSection
	GlobalSection(ExtensibilityGlobals) = postSolution
		SolutionGuid = {EAF54495-2DB9-467C-A6D1-9A1A2B434FD8}
	EndGlobalSection
EndGlobal
